// !$*UTF8*$!
{
	archiveVersion = 1;
	classes = {
	};
	objectVersion = 56;
	objects = {

/* Begin PBXBuildFile section */
		308CC3F02B74C46D00587D53 /* AppDelegate.swift in Sources */ = {isa = PBXBuildFile; fileRef = 308CC3EF2B74C46D00587D53 /* AppDelegate.swift */; };
		308CC3F22B74C46D00587D53 /* SceneDelegate.swift in Sources */ = {isa = PBXBuildFile; fileRef = 308CC3F12B74C46D00587D53 /* SceneDelegate.swift */; };
		308CC3F42B74C46D00587D53 /* ViewController.swift in Sources */ = {isa = PBXBuildFile; fileRef = 308CC3F32B74C46D00587D53 /* ViewController.swift */; };
		308CC3F72B74C46D00587D53 /* Main.storyboard in Resources */ = {isa = PBXBuildFile; fileRef = 308CC3F52B74C46D00587D53 /* Main.storyboard */; };
		308CC3FA2B74C46D00587D53 /* myWeather.xcdatamodeld in Sources */ = {isa = PBXBuildFile; fileRef = 308CC3F82B74C46D00587D53 /* myWeather.xcdatamodeld */; };
		308CC3FC2B74C46F00587D53 /* Assets.xcassets in Resources */ = {isa = PBXBuildFile; fileRef = 308CC3FB2B74C46F00587D53 /* Assets.xcassets */; };
		308CC3FF2B74C46F00587D53 /* LaunchScreen.storyboard in Resources */ = {isa = PBXBuildFile; fileRef = 308CC3FD2B74C46F00587D53 /* LaunchScreen.storyboard */; };
		308CC40A2B74C47000587D53 /* myWeatherTests.swift in Sources */ = {isa = PBXBuildFile; fileRef = 308CC4092B74C47000587D53 /* myWeatherTests.swift */; };
		308CC4142B74C47000587D53 /* myWeatherUITests.swift in Sources */ = {isa = PBXBuildFile; fileRef = 308CC4132B74C47000587D53 /* myWeatherUITests.swift */; };
		308CC4162B74C47000587D53 /* myWeatherUITestsLaunchTests.swift in Sources */ = {isa = PBXBuildFile; fileRef = 308CC4152B74C47000587D53 /* myWeatherUITestsLaunchTests.swift */; };
/* End PBXBuildFile section */

/* Begin PBXContainerItemProxy section */
		308CC4062B74C47000587D53 /* PBXContainerItemProxy */ = {
			isa = PBXContainerItemProxy;
			containerPortal = 308CC3E42B74C46C00587D53 /* Project object */;
			proxyType = 1;
			remoteGlobalIDString = 308CC3EB2B74C46D00587D53;
			remoteInfo = myWeather;
		};
		308CC4102B74C47000587D53 /* PBXContainerItemProxy */ = {
			isa = PBXContainerItemProxy;
			containerPortal = 308CC3E42B74C46C00587D53 /* Project object */;
			proxyType = 1;
			remoteGlobalIDString = 308CC3EB2B74C46D00587D53;
			remoteInfo = myWeather;
		};
/* End PBXContainerItemProxy section */

/* Begin PBXFileReference section */
		308CC3EC2B74C46D00587D53 /* myWeather.app */ = {isa = PBXFileReference; explicitFileType = wrapper.application; includeInIndex = 0; path = myWeather.app; sourceTree = BUILT_PRODUCTS_DIR; };
		308CC3EF2B74C46D00587D53 /* AppDelegate.swift */ = {isa = PBXFileReference; lastKnownFileType = sourcecode.swift; path = AppDelegate.swift; sourceTree = "<group>"; };
		308CC3F12B74C46D00587D53 /* SceneDelegate.swift */ = {isa = PBXFileReference; lastKnownFileType = sourcecode.swift; path = SceneDelegate.swift; sourceTree = "<group>"; };
		308CC3F32B74C46D00587D53 /* ViewController.swift */ = {isa = PBXFileReference; lastKnownFileType = sourcecode.swift; path = ViewController.swift; sourceTree = "<group>"; };
		308CC3F62B74C46D00587D53 /* Base */ = {isa = PBXFileReference; lastKnownFileType = file.storyboard; name = Base; path = Base.lproj/Main.storyboard; sourceTree = "<group>"; };
		308CC3F92B74C46D00587D53 /* myWeather.xcdatamodel */ = {isa = PBXFileReference; lastKnownFileType = wrapper.xcdatamodel; path = myWeather.xcdatamodel; sourceTree = "<group>"; };
		308CC3FB2B74C46F00587D53 /* Assets.xcassets */ = {isa = PBXFileReference; lastKnownFileType = folder.assetcatalog; path = Assets.xcassets; sourceTree = "<group>"; };
		308CC3FE2B74C46F00587D53 /* Base */ = {isa = PBXFileReference; lastKnownFileType = file.storyboard; name = Base; path = Base.lproj/LaunchScreen.storyboard; sourceTree = "<group>"; };
		308CC4002B74C46F00587D53 /* Info.plist */ = {isa = PBXFileReference; lastKnownFileType = text.plist.xml; path = Info.plist; sourceTree = "<group>"; };
		308CC4052B74C47000587D53 /* myWeatherTests.xctest */ = {isa = PBXFileReference; explicitFileType = wrapper.cfbundle; includeInIndex = 0; path = myWeatherTests.xctest; sourceTree = BUILT_PRODUCTS_DIR; };
		308CC4092B74C47000587D53 /* myWeatherTests.swift */ = {isa = PBXFileReference; lastKnownFileType = sourcecode.swift; path = myWeatherTests.swift; sourceTree = "<group>"; };
		308CC40F2B74C47000587D53 /* myWeatherUITests.xctest */ = {isa = PBXFileReference; explicitFileType = wrapper.cfbundle; includeInIndex = 0; path = myWeatherUITests.xctest; sourceTree = BUILT_PRODUCTS_DIR; };
		308CC4132B74C47000587D53 /* myWeatherUITests.swift */ = {isa = PBXFileReference; lastKnownFileType = sourcecode.swift; path = myWeatherUITests.swift; sourceTree = "<group>"; };
		308CC4152B74C47000587D53 /* myWeatherUITestsLaunchTests.swift */ = {isa = PBXFileReference; lastKnownFileType = sourcecode.swift; path = myWeatherUITestsLaunchTests.swift; sourceTree = "<group>"; };
/* End PBXFileReference section */

/* Begin PBXFrameworksBuildPhase section */
		308CC3E92B74C46D00587D53 /* Frameworks */ = {
			isa = PBXFrameworksBuildPhase;
			buildActionMask = 2147483647;
			files = (
			);
			runOnlyForDeploymentPostprocessing = 0;
		};
		308CC4022B74C47000587D53 /* Frameworks */ = {
			isa = PBXFrameworksBuildPhase;
			buildActionMask = 2147483647;
			files = (
			);
			runOnlyForDeploymentPostprocessing = 0;
		};
		308CC40C2B74C47000587D53 /* Frameworks */ = {
			isa = PBXFrameworksBuildPhase;
			buildActionMask = 2147483647;
			files = (
			);
			runOnlyForDeploymentPostprocessing = 0;
		};
/* End PBXFrameworksBuildPhase section */

/* Begin PBXGroup section */
		308CC3E32B74C46C00587D53 = {
			isa = PBXGroup;
			children = (
				308CC3EE2B74C46D00587D53 /* myWeather */,
				308CC4082B74C47000587D53 /* myWeatherTests */,
				308CC4122B74C47000587D53 /* myWeatherUITests */,
				308CC3ED2B74C46D00587D53 /* Products */,
			);
			sourceTree = "<group>";
		};
		308CC3ED2B74C46D00587D53 /* Products */ = {
			isa = PBXGroup;
			children = (
				308CC3EC2B74C46D00587D53 /* myWeather.app */,
				308CC4052B74C47000587D53 /* myWeatherTests.xctest */,
				308CC40F2B74C47000587D53 /* myWeatherUITests.xctest */,
			);
			name = Products;
			sourceTree = "<group>";
		};
		308CC3EE2B74C46D00587D53 /* myWeather */ = {
			isa = PBXGroup;
			children = (
				308CC3EF2B74C46D00587D53 /* AppDelegate.swift */,
				308CC3F12B74C46D00587D53 /* SceneDelegate.swift */,
				308CC3F32B74C46D00587D53 /* ViewController.swift */,
				308CC3F52B74C46D00587D53 /* Main.storyboard */,
				308CC3FB2B74C46F00587D53 /* Assets.xcassets */,
				308CC3FD2B74C46F00587D53 /* LaunchScreen.storyboard */,
				308CC4002B74C46F00587D53 /* Info.plist */,
				308CC3F82B74C46D00587D53 /* myWeather.xcdatamodeld */,
			);
			path = myWeather;
			sourceTree = "<group>";
		};
		308CC4082B74C47000587D53 /* myWeatherTests */ = {
			isa = PBXGroup;
			children = (
				308CC4092B74C47000587D53 /* myWeatherTests.swift */,
			);
			path = myWeatherTests;
			sourceTree = "<group>";
		};
		308CC4122B74C47000587D53 /* myWeatherUITests */ = {
			isa = PBXGroup;
			children = (
				308CC4132B74C47000587D53 /* myWeatherUITests.swift */,
				308CC4152B74C47000587D53 /* myWeatherUITestsLaunchTests.swift */,
			);
			path = myWeatherUITests;
			sourceTree = "<group>";
		};
/* End PBXGroup section */

/* Begin PBXNativeTarget section */
		308CC3EB2B74C46D00587D53 /* myWeather */ = {
			isa = PBXNativeTarget;
			buildConfigurationList = 308CC4192B74C47000587D53 /* Build configuration list for PBXNativeTarget "myWeather" */;
			buildPhases = (
				308CC3E82B74C46D00587D53 /* Sources */,
				308CC3E92B74C46D00587D53 /* Frameworks */,
				308CC3EA2B74C46D00587D53 /* Resources */,
			);
			buildRules = (
			);
			dependencies = (
			);
			name = myWeather;
			productName = myWeather;
			productReference = 308CC3EC2B74C46D00587D53 /* myWeather.app */;
			productType = "com.apple.product-type.application";
		};
		308CC4042B74C47000587D53 /* myWeatherTests */ = {
			isa = PBXNativeTarget;
			buildConfigurationList = 308CC41C2B74C47000587D53 /* Build configuration list for PBXNativeTarget "myWeatherTests" */;
			buildPhases = (
				308CC4012B74C47000587D53 /* Sources */,
				308CC4022B74C47000587D53 /* Frameworks */,
				308CC4032B74C47000587D53 /* Resources */,
			);
			buildRules = (
			);
			dependencies = (
				308CC4072B74C47000587D53 /* PBXTargetDependency */,
			);
			name = myWeatherTests;
			productName = myWeatherTests;
			productReference = 308CC4052B74C47000587D53 /* myWeatherTests.xctest */;
			productType = "com.apple.product-type.bundle.unit-test";
		};
		308CC40E2B74C47000587D53 /* myWeatherUITests */ = {
			isa = PBXNativeTarget;
			buildConfigurationList = 308CC41F2B74C47000587D53 /* Build configuration list for PBXNativeTarget "myWeatherUITests" */;
			buildPhases = (
				308CC40B2B74C47000587D53 /* Sources */,
				308CC40C2B74C47000587D53 /* Frameworks */,
				308CC40D2B74C47000587D53 /* Resources */,
			);
			buildRules = (
			);
			dependencies = (
				308CC4112B74C47000587D53 /* PBXTargetDependency */,
			);
			name = myWeatherUITests;
			productName = myWeatherUITests;
			productReference = 308CC40F2B74C47000587D53 /* myWeatherUITests.xctest */;
			productType = "com.apple.product-type.bundle.ui-testing";
		};
/* End PBXNativeTarget section */

/* Begin PBXProject section */
		308CC3E42B74C46C00587D53 /* Project object */ = {
			isa = PBXProject;
			attributes = {
				BuildIndependentTargetsInParallel = 1;
				LastSwiftUpdateCheck = 1520;
				LastUpgradeCheck = 1520;
				TargetAttributes = {
					308CC3EB2B74C46D00587D53 = {
						CreatedOnToolsVersion = 15.2;
					};
					308CC4042B74C47000587D53 = {
						CreatedOnToolsVersion = 15.2;
						TestTargetID = 308CC3EB2B74C46D00587D53;
					};
					308CC40E2B74C47000587D53 = {
						CreatedOnToolsVersion = 15.2;
						TestTargetID = 308CC3EB2B74C46D00587D53;
					};
				};
			};
			buildConfigurationList = 308CC3E72B74C46C00587D53 /* Build configuration list for PBXProject "myWeather" */;
			compatibilityVersion = "Xcode 14.0";
			developmentRegion = en;
			hasScannedForEncodings = 0;
			knownRegions = (
				en,
				Base,
			);
			mainGroup = 308CC3E32B74C46C00587D53;
			productRefGroup = 308CC3ED2B74C46D00587D53 /* Products */;
			projectDirPath = "";
			projectRoot = "";
			targets = (
				308CC3EB2B74C46D00587D53 /* myWeather */,
				308CC4042B74C47000587D53 /* myWeatherTests */,
				308CC40E2B74C47000587D53 /* myWeatherUITests */,
			);
		};
/* End PBXProject section */

/* Begin PBXResourcesBuildPhase section */
		308CC3EA2B74C46D00587D53 /* Resources */ = {
			isa = PBXResourcesBuildPhase;
			buildActionMask = 2147483647;
			files = (
				308CC3FF2B74C46F00587D53 /* LaunchScreen.storyboard in Resources */,
				308CC3FC2B74C46F00587D53 /* Assets.xcassets in Resources */,
				308CC3F72B74C46D00587D53 /* Main.storyboard in Resources */,
			);
			runOnlyForDeploymentPostprocessing = 0;
		};
		308CC4032B74C47000587D53 /* Resources */ = {
			isa = PBXResourcesBuildPhase;
			buildActionMask = 2147483647;
			files = (
			);
			runOnlyForDeploymentPostprocessing = 0;
		};
		308CC40D2B74C47000587D53 /* Resources */ = {
			isa = PBXResourcesBuildPhase;
			buildActionMask = 2147483647;
			files = (
			);
			runOnlyForDeploymentPostprocessing = 0;
		};
/* End PBXResourcesBuildPhase section */

/* Begin PBXSourcesBuildPhase section */
		308CC3E82B74C46D00587D53 /* Sources */ = {
			isa = PBXSourcesBuildPhase;
			buildActionMask = 2147483647;
			files = (
				308CC3FA2B74C46D00587D53 /* myWeather.xcdatamodeld in Sources */,
				308CC3F42B74C46D00587D53 /* ViewController.swift in Sources */,
				308CC3F02B74C46D00587D53 /* AppDelegate.swift in Sources */,
				308CC3F22B74C46D00587D53 /* SceneDelegate.swift in Sources */,
			);
			runOnlyForDeploymentPostprocessing = 0;
		};
		308CC4012B74C47000587D53 /* Sources */ = {
			isa = PBXSourcesBuildPhase;
			buildActionMask = 2147483647;
			files = (
				308CC40A2B74C47000587D53 /* myWeatherTests.swift in Sources */,
			);
			runOnlyForDeploymentPostprocessing = 0;
		};
		308CC40B2B74C47000587D53 /* Sources */ = {
			isa = PBXSourcesBuildPhase;
			buildActionMask = 2147483647;
			files = (
				308CC4142B74C47000587D53 /* myWeatherUITests.swift in Sources */,
				308CC4162B74C47000587D53 /* myWeatherUITestsLaunchTests.swift in Sources */,
			);
			runOnlyForDeploymentPostprocessing = 0;
		};
/* End PBXSourcesBuildPhase section */

/* Begin PBXTargetDependency section */
		308CC4072B74C47000587D53 /* PBXTargetDependency */ = {
			isa = PBXTargetDependency;
			target = 308CC3EB2B74C46D00587D53 /* myWeather */;
			targetProxy = 308CC4062B74C47000587D53 /* PBXContainerItemProxy */;
		};
		308CC4112B74C47000587D53 /* PBXTargetDependency */ = {
			isa = PBXTargetDependency;
			target = 308CC3EB2B74C46D00587D53 /* myWeather */;
			targetProxy = 308CC4102B74C47000587D53 /* PBXContainerItemProxy */;
		};
/* End PBXTargetDependency section */

/* Begin PBXVariantGroup section */
		308CC3F52B74C46D00587D53 /* Main.storyboard */ = {
			isa = PBXVariantGroup;
			children = (
				308CC3F62B74C46D00587D53 /* Base */,
			);
			name = Main.storyboard;
			sourceTree = "<group>";
		};
		308CC3FD2B74C46F00587D53 /* LaunchScreen.storyboard */ = {
			isa = PBXVariantGroup;
			children = (
				308CC3FE2B74C46F00587D53 /* Base */,
			);
			name = LaunchScreen.storyboard;
			sourceTree = "<group>";
		};
/* End PBXVariantGroup section */

/* Begin XCBuildConfiguration section */
		308CC4172B74C47000587D53 /* Debug */ = {
			isa = XCBuildConfiguration;
			buildSettings = {
				ALWAYS_SEARCH_USER_PATHS = NO;
				ASSETCATALOG_COMPILER_GENERATE_SWIFT_ASSET_SYMBOL_EXTENSIONS = YES;
				CLANG_ANALYZER_NONNULL = YES;
				CLANG_ANALYZER_NUMBER_OBJECT_CONVERSION = YES_AGGRESSIVE;
				CLANG_CXX_LANGUAGE_STANDARD = "gnu++20";
				CLANG_ENABLE_MODULES = YES;
				CLANG_ENABLE_OBJC_ARC = YES;
				CLANG_ENABLE_OBJC_WEAK = YES;
				CLANG_WARN_BLOCK_CAPTURE_AUTORELEASING = YES;
				CLANG_WARN_BOOL_CONVERSION = YES;
				CLANG_WARN_COMMA = YES;
				CLANG_WARN_CONSTANT_CONVERSION = YES;
				CLANG_WARN_DEPRECATED_OBJC_IMPLEMENTATIONS = YES;
				CLANG_WARN_DIRECT_OBJC_ISA_USAGE = YES_ERROR;
				CLANG_WARN_DOCUMENTATION_COMMENTS = YES;
				CLANG_WARN_EMPTY_BODY = YES;
				CLANG_WARN_ENUM_CONVERSION = YES;
				CLANG_WARN_INFINITE_RECURSION = YES;
				CLANG_WARN_INT_CONVERSION = YES;
				CLANG_WARN_NON_LITERAL_NULL_CONVERSION = YES;
				CLANG_WARN_OBJC_IMPLICIT_RETAIN_SELF = YES;
				CLANG_WARN_OBJC_LITERAL_CONVERSION = YES;
				CLANG_WARN_OBJC_ROOT_CLASS = YES_ERROR;
				CLANG_WARN_QUOTED_INCLUDE_IN_FRAMEWORK_HEADER = YES;
				CLANG_WARN_RANGE_LOOP_ANALYSIS = YES;
				CLANG_WARN_STRICT_PROTOTYPES = YES;
				CLANG_WARN_SUSPICIOUS_MOVE = YES;
				CLANG_WARN_UNGUARDED_AVAILABILITY = YES_AGGRESSIVE;
				CLANG_WARN_UNREACHABLE_CODE = YES;
				CLANG_WARN__DUPLICATE_METHOD_MATCH = YES;
				COPY_PHASE_STRIP = NO;
				DEBUG_INFORMATION_FORMAT = dwarf;
				ENABLE_STRICT_OBJC_MSGSEND = YES;
				ENABLE_TESTABILITY = YES;
				ENABLE_USER_SCRIPT_SANDBOXING = YES;
				GCC_C_LANGUAGE_STANDARD = gnu17;
				GCC_DYNAMIC_NO_PIC = NO;
				GCC_NO_COMMON_BLOCKS = YES;
				GCC_OPTIMIZATION_LEVEL = 0;
				GCC_PREPROCESSOR_DEFINITIONS = (
					"DEBUG=1",
					"$(inherited)",
				);
				GCC_WARN_64_TO_32_BIT_CONVERSION = YES;
				GCC_WARN_ABOUT_RETURN_TYPE = YES_ERROR;
				GCC_WARN_UNDECLARED_SELECTOR = YES;
				GCC_WARN_UNINITIALIZED_AUTOS = YES_AGGRESSIVE;
				GCC_WARN_UNUSED_FUNCTION = YES;
				GCC_WARN_UNUSED_VARIABLE = YES;
				IPHONEOS_DEPLOYMENT_TARGET = 17.2;
				LOCALIZATION_PREFERS_STRING_CATALOGS = YES;
				MTL_ENABLE_DEBUG_INFO = INCLUDE_SOURCE;
				MTL_FAST_MATH = YES;
				ONLY_ACTIVE_ARCH = YES;
				SDKROOT = iphoneos;
				SWIFT_ACTIVE_COMPILATION_CONDITIONS = "DEBUG $(inherited)";
				SWIFT_OPTIMIZATION_LEVEL = "-Onone";
			};
			name = Debug;
		};
		308CC4182B74C47000587D53 /* Release */ = {
			isa = XCBuildConfiguration;
			buildSettings = {
				ALWAYS_SEARCH_USER_PATHS = NO;
				ASSETCATALOG_COMPILER_GENERATE_SWIFT_ASSET_SYMBOL_EXTENSIONS = YES;
				CLANG_ANALYZER_NONNULL = YES;
				CLANG_ANALYZER_NUMBER_OBJECT_CONVERSION = YES_AGGRESSIVE;
				CLANG_CXX_LANGUAGE_STANDARD = "gnu++20";
				CLANG_ENABLE_MODULES = YES;
				CLANG_ENABLE_OBJC_ARC = YES;
				CLANG_ENABLE_OBJC_WEAK = YES;
				CLANG_WARN_BLOCK_CAPTURE_AUTORELEASING = YES;
				CLANG_WARN_BOOL_CONVERSION = YES;
				CLANG_WARN_COMMA = YES;
				CLANG_WARN_CONSTANT_CONVERSION = YES;
				CLANG_WARN_DEPRECATED_OBJC_IMPLEMENTATIONS = YES;
				CLANG_WARN_DIRECT_OBJC_ISA_USAGE = YES_ERROR;
				CLANG_WARN_DOCUMENTATION_COMMENTS = YES;
				CLANG_WARN_EMPTY_BODY = YES;
				CLANG_WARN_ENUM_CONVERSION = YES;
				CLANG_WARN_INFINITE_RECURSION = YES;
				CLANG_WARN_INT_CONVERSION = YES;
				CLANG_WARN_NON_LITERAL_NULL_CONVERSION = YES;
				CLANG_WARN_OBJC_IMPLICIT_RETAIN_SELF = YES;
				CLANG_WARN_OBJC_LITERAL_CONVERSION = YES;
				CLANG_WARN_OBJC_ROOT_CLASS = YES_ERROR;
				CLANG_WARN_QUOTED_INCLUDE_IN_FRAMEWORK_HEADER = YES;
				CLANG_WARN_RANGE_LOOP_ANALYSIS = YES;
				CLANG_WARN_STRICT_PROTOTYPES = YES;
				CLANG_WARN_SUSPICIOUS_MOVE = YES;
				CLANG_WARN_UNGUARDED_AVAILABILITY = YES_AGGRESSIVE;
				CLANG_WARN_UNREACHABLE_CODE = YES;
				CLANG_WARN__DUPLICATE_METHOD_MATCH = YES;
				COPY_PHASE_STRIP = NO;
				DEBUG_INFORMATION_FORMAT = "dwarf-with-dsym";
				ENABLE_NS_ASSERTIONS = NO;
				ENABLE_STRICT_OBJC_MSGSEND = YES;
				ENABLE_USER_SCRIPT_SANDBOXING = YES;
				GCC_C_LANGUAGE_STANDARD = gnu17;
				GCC_NO_COMMON_BLOCKS = YES;
				GCC_WARN_64_TO_32_BIT_CONVERSION = YES;
				GCC_WARN_ABOUT_RETURN_TYPE = YES_ERROR;
				GCC_WARN_UNDECLARED_SELECTOR = YES;
				GCC_WARN_UNINITIALIZED_AUTOS = YES_AGGRESSIVE;
				GCC_WARN_UNUSED_FUNCTION = YES;
				GCC_WARN_UNUSED_VARIABLE = YES;
				IPHONEOS_DEPLOYMENT_TARGET = 17.2;
				LOCALIZATION_PREFERS_STRING_CATALOGS = YES;
				MTL_ENABLE_DEBUG_INFO = NO;
				MTL_FAST_MATH = YES;
				SDKROOT = iphoneos;
				SWIFT_COMPILATION_MODE = wholemodule;
				VALIDATE_PRODUCT = YES;
			};
			name = Release;
		};
		308CC41A2B74C47000587D53 /* Debug */ = {
			isa = XCBuildConfiguration;
			buildSettings = {
				ASSETCATALOG_COMPILER_APPICON_NAME = AppIcon;
				ASSETCATALOG_COMPILER_GLOBAL_ACCENT_COLOR_NAME = AccentColor;
				CODE_SIGN_STYLE = Automatic;
				CURRENT_PROJECT_VERSION = 1;
				GENERATE_INFOPLIST_FILE = YES;
				INFOPLIST_FILE = myWeather/Info.plist;
				INFOPLIST_KEY_UIApplicationSupportsIndirectInputEvents = YES;
				INFOPLIST_KEY_UILaunchStoryboardName = LaunchScreen;
				INFOPLIST_KEY_UIMainStoryboardFile = Main;
				INFOPLIST_KEY_UISupportedInterfaceOrientations_iPad = "UIInterfaceOrientationPortrait UIInterfaceOrientationPortraitUpsideDown UIInterfaceOrientationLandscapeLeft UIInterfaceOrientationLandscapeRight";
				INFOPLIST_KEY_UISupportedInterfaceOrientations_iPhone = "UIInterfaceOrientationPortrait UIInterfaceOrientationLandscapeLeft UIInterfaceOrientationLandscapeRight";
				LD_RUNPATH_SEARCH_PATHS = (
					"$(inherited)",
					"@executable_path/Frameworks",
				);
				MARKETING_VERSION = 1.0;
				PRODUCT_BUNDLE_IDENTIFIER = iHromnik.myWeather;
				PRODUCT_NAME = "$(TARGET_NAME)";
				SWIFT_EMIT_LOC_STRINGS = YES;
				SWIFT_VERSION = 5.0;
				TARGETED_DEVICE_FAMILY = "1,2";
			};
			name = Debug;
		};
		308CC41B2B74C47000587D53 /* Release */ = {
			isa = XCBuildConfiguration;
			buildSettings = {
				ASSETCATALOG_COMPILER_APPICON_NAME = AppIcon;
				ASSETCATALOG_COMPILER_GLOBAL_ACCENT_COLOR_NAME = AccentColor;
				CODE_SIGN_STYLE = Automatic;
				CURRENT_PROJECT_VERSION = 1;
				GENERATE_INFOPLIST_FILE = YES;
				INFOPLIST_FILE = myWeather/Info.plist;
				INFOPLIST_KEY_UIApplicationSupportsIndirectInputEvents = YES;
				INFOPLIST_KEY_UILaunchStoryboardName = LaunchScreen;
				INFOPLIST_KEY_UIMainStoryboardFile = Main;
				INFOPLIST_KEY_UISupportedInterfaceOrientations_iPad = "UIInterfaceOrientationPortrait UIInterfaceOrientationPortraitUpsideDown UIInterfaceOrientationLandscapeLeft UIInterfaceOrientationLandscapeRight";
				INFOPLIST_KEY_UISupportedInterfaceOrientations_iPhone = "UIInterfaceOrientationPortrait UIInterfaceOrientationLandscapeLeft UIInterfaceOrientationLandscapeRight";
				LD_RUNPATH_SEARCH_PATHS = (
					"$(inherited)",
					"@executable_path/Frameworks",
				);
				MARKETING_VERSION = 1.0;
				PRODUCT_BUNDLE_IDENTIFIER = iHromnik.myWeather;
				PRODUCT_NAME = "$(TARGET_NAME)";
				SWIFT_EMIT_LOC_STRINGS = YES;
				SWIFT_VERSION = 5.0;
				TARGETED_DEVICE_FAMILY = "1,2";
			};
			name = Release;
		};
		308CC41D2B74C47000587D53 /* Debug */ = {
			isa = XCBuildConfiguration;
			buildSettings = {
				ALWAYS_EMBED_SWIFT_STANDARD_LIBRARIES = YES;
				BUNDLE_LOADER = "$(TEST_HOST)";
				CODE_SIGN_STYLE = Automatic;
				CURRENT_PROJECT_VERSION = 1;
				GENERATE_INFOPLIST_FILE = YES;
				IPHONEOS_DEPLOYMENT_TARGET = 17.2;
				MARKETING_VERSION = 1.0;
				PRODUCT_BUNDLE_IDENTIFIER = iHromnik.myWeatherTests;
				PRODUCT_NAME = "$(TARGET_NAME)";
				SWIFT_EMIT_LOC_STRINGS = NO;
				SWIFT_VERSION = 5.0;
				TARGETED_DEVICE_FAMILY = "1,2";
				TEST_HOST = "$(BUILT_PRODUCTS_DIR)/myWeather.app/$(BUNDLE_EXECUTABLE_FOLDER_PATH)/myWeather";
			};
			name = Debug;
		};
		308CC41E2B74C47000587D53 /* Release */ = {
			isa = XCBuildConfiguration;
			buildSettings = {
				ALWAYS_EMBED_SWIFT_STANDARD_LIBRARIES = YES;
				BUNDLE_LOADER = "$(TEST_HOST)";
				CODE_SIGN_STYLE = Automatic;
				CURRENT_PROJECT_VERSION = 1;
				GENERATE_INFOPLIST_FILE = YES;
				IPHONEOS_DEPLOYMENT_TARGET = 17.2;
				MARKETING_VERSION = 1.0;
				PRODUCT_BUNDLE_IDENTIFIER = iHromnik.myWeatherTests;
				PRODUCT_NAME = "$(TARGET_NAME)";
				SWIFT_EMIT_LOC_STRINGS = NO;
				SWIFT_VERSION = 5.0;
				TARGETED_DEVICE_FAMILY = "1,2";
				TEST_HOST = "$(BUILT_PRODUCTS_DIR)/myWeather.app/$(BUNDLE_EXECUTABLE_FOLDER_PATH)/myWeather";
			};
			name = Release;
		};
		308CC4202B74C47000587D53 /* Debug */ = {
			isa = XCBuildConfiguration;
			buildSettings = {
				ALWAYS_EMBED_SWIFT_STANDARD_LIBRARIES = YES;
				CODE_SIGN_STYLE = Automatic;
				CURRENT_PROJECT_VERSION = 1;
				GENERATE_INFOPLIST_FILE = YES;
				MARKETING_VERSION = 1.0;
				PRODUCT_BUNDLE_IDENTIFIER = iHromnik.myWeatherUITests;
				PRODUCT_NAME = "$(TARGET_NAME)";
				SWIFT_EMIT_LOC_STRINGS = NO;
				SWIFT_VERSION = 5.0;
				TARGETED_DEVICE_FAMILY = "1,2";
				TEST_TARGET_NAME = myWeather;
			};
			name = Debug;
		};
		308CC4212B74C47000587D53 /* Release */ = {
			isa = XCBuildConfiguration;
			buildSettings = {
				ALWAYS_EMBED_SWIFT_STANDARD_LIBRARIES = YES;
				CODE_SIGN_STYLE = Automatic;
				CURRENT_PROJECT_VERSION = 1;
				GENERATE_INFOPLIST_FILE = YES;
				MARKETING_VERSION = 1.0;
				PRODUCT_BUNDLE_IDENTIFIER = iHromnik.myWeatherUITests;
				PRODUCT_NAME = "$(TARGET_NAME)";
				SWIFT_EMIT_LOC_STRINGS = NO;
				SWIFT_VERSION = 5.0;
				TARGETED_DEVICE_FAMILY = "1,2";
				TEST_TARGET_NAME = myWeather;
			};
			name = Release;
		};
/* End XCBuildConfiguration section */

/* Begin XCConfigurationList section */
		308CC3E72B74C46C00587D53 /* Build configuration list for PBXProject "myWeather" */ = {
			isa = XCConfigurationList;
			buildConfigurations = (
				308CC4172B74C47000587D53 /* Debug */,
				308CC4182B74C47000587D53 /* Release */,
			);
			defaultConfigurationIsVisible = 0;
			defaultConfigurationName = Release;
		};
		308CC4192B74C47000587D53 /* Build configuration list for PBXNativeTarget "myWeather" */ = {
			isa = XCConfigurationList;
			buildConfigurations = (
				308CC41A2B74C47000587D53 /* Debug */,
				308CC41B2B74C47000587D53 /* Release */,
			);
			defaultConfigurationIsVisible = 0;
			defaultConfigurationName = Release;
		};
		308CC41C2B74C47000587D53 /* Build configuration list for PBXNativeTarget "myWeatherTests" */ = {
			isa = XCConfigurationList;
			buildConfigurations = (
				308CC41D2B74C47000587D53 /* Debug */,
				308CC41E2B74C47000587D53 /* Release */,
			);
			defaultConfigurationIsVisible = 0;
			defaultConfigurationName = Release;
		};
		308CC41F2B74C47000587D53 /* Build configuration list for PBXNativeTarget "myWeatherUITests" */ = {
			isa = XCConfigurationList;
			buildConfigurations = (
				308CC4202B74C47000587D53 /* Debug */,
				308CC4212B74C47000587D53 /* Release */,
			);
			defaultConfigurationIsVisible = 0;
			defaultConfigurationName = Release;
		};
/* End XCConfigurationList section */

/* Begin XCVersionGroup section */
		308CC3F82B74C46D00587D53 /* myWeather.xcdatamodeld */ = {
			isa = XCVersionGroup;
			children = (
				308CC3F92B74C46D00587D53 /* myWeather.xcdatamodel */,
			);
			currentVersion = 308CC3F92B74C46D00587D53 /* myWeather.xcdatamodel */;
			path = myWeather.xcdatamodeld;
			sourceTree = "<group>";
			versionGroupType = wrapper.xcdatamodel;
		};
/* End XCVersionGroup section */
	};
	rootObject = 308CC3E42B74C46C00587D53 /* Project object */;
}
